// !$*UTF8*$!
{
	archiveVersion = 1;
	classes = {
	};
	objectVersion = 50;
	objects = {

/* Begin PBXBuildFile section */
		841218412616A3B600716D55 /* LoadingScreenView2.swift in Sources */ = {isa = PBXBuildFile; fileRef = 841218402616A3B600716D55 /* LoadingScreenView2.swift */; };
		8423628F2627A21800CC2CA2 /* LoadingScreenView4.swift in Sources */ = {isa = PBXBuildFile; fileRef = 8423628E2627A21800CC2CA2 /* LoadingScreenView4.swift */; };
		842A89D8262610240079A986 /* ContentViewTest.swift in Sources */ = {isa = PBXBuildFile; fileRef = 842A89D7262610240079A986 /* ContentViewTest.swift */; };
		84438F3626229EC60036B23F /* TestTransition.swift in Sources */ = {isa = PBXBuildFile; fileRef = 84438F3526229EC60036B23F /* TestTransition.swift */; };
		844EB77626214D150094A730 /* TestView.swift in Sources */ = {isa = PBXBuildFile; fileRef = 844EB77526214D150094A730 /* TestView.swift */; };
		8453FB5626164B410021140F /* LoadingScreenView1.swift in Sources */ = {isa = PBXBuildFile; fileRef = 8453FB5526164B410021140F /* LoadingScreenView1.swift */; };
		8461191926263C4400F86BE3 /* DominiqueChoir.mp3 in Resources */ = {isa = PBXBuildFile; fileRef = 8461191826263C4400F86BE3 /* DominiqueChoir.mp3 */; };
		8473F9262623E6A700B820A1 /* SplashScreen.swift in Sources */ = {isa = PBXBuildFile; fileRef = 8473F9252623E6A700B820A1 /* SplashScreen.swift */; };
		8475B7A52617FEC10037B1FE /* LoadingScreenView3.swift in Sources */ = {isa = PBXBuildFile; fileRef = 8475B7A42617FEC10037B1FE /* LoadingScreenView3.swift */; };
		847E776826141CCA001A3849 /* LoadingLine.swift in Sources */ = {isa = PBXBuildFile; fileRef = 847E776726141CCA001A3849 /* LoadingLine.swift */; };
		847E777526141EB5001A3849 /* soloistlaserital1.ttf in Resources */ = {isa = PBXBuildFile; fileRef = 847E777426141EB5001A3849 /* soloistlaserital1.ttf */; };
		847E777A26141ECD001A3849 /* soloistexpand1.ttf in Resources */ = {isa = PBXBuildFile; fileRef = 847E777926141ECD001A3849 /* soloistexpand1.ttf */; };
		847E777F26141EF0001A3849 /* Night Machine.otf in Resources */ = {isa = PBXBuildFile; fileRef = 847E777E26141EF0001A3849 /* Night Machine.otf */; };
		847EAE9226263BBB0083EEC1 /* angelicChoir.mp3 in Resources */ = {isa = PBXBuildFile; fileRef = 847EAE9126263BBB0083EEC1 /* angelicChoir.mp3 */; };
		847EAE9726263BC40083EEC1 /* openingDoorFx.mp3 in Resources */ = {isa = PBXBuildFile; fileRef = 847EAE9626263BC30083EEC1 /* openingDoorFx.mp3 */; };
		848A44442626084E0080C654 /* SoundPlayer.swift in Sources */ = {isa = PBXBuildFile; fileRef = 848A44432626084E0080C654 /* SoundPlayer.swift */; };
		848B1EE1261FAA3400640C30 /* UIBezierPath+Extension.swift in Sources */ = {isa = PBXBuildFile; fileRef = 848B1EE0261FAA3400640C30 /* UIBezierPath+Extension.swift */; };
		848B1EE6261FAA3D00640C30 /* UIColor+extension.swift in Sources */ = {isa = PBXBuildFile; fileRef = 848B1EE5261FAA3D00640C30 /* UIColor+extension.swift */; };
		8499C9CA261F9337003E1340 /* NobsBoxLogo.swift in Sources */ = {isa = PBXBuildFile; fileRef = 8499C9C9261F9337003E1340 /* NobsBoxLogo.swift */; };
		849EC0D6262362360062759E /* TestTransition2.swift in Sources */ = {isa = PBXBuildFile; fileRef = 849EC0D5262362360062759E /* TestTransition2.swift */; };
		849EC0DB2623AD380062759E /* DrawingPath.swift in Sources */ = {isa = PBXBuildFile; fileRef = 849EC0DA2623AD380062759E /* DrawingPath.swift */; };
		849EC0E02623CEAA0062759E /* SizeTesting.swift in Sources */ = {isa = PBXBuildFile; fileRef = 849EC0DF2623CEAA0062759E /* SizeTesting.swift */; };
		84A6D95426140D8400E8AEE6 /* SwiftUIAnimationPracticeApp.swift in Sources */ = {isa = PBXBuildFile; fileRef = 84A6D95326140D8400E8AEE6 /* SwiftUIAnimationPracticeApp.swift */; };
		84A6D95626140D8400E8AEE6 /* ContentView.swift in Sources */ = {isa = PBXBuildFile; fileRef = 84A6D95526140D8400E8AEE6 /* ContentView.swift */; };
		84A6D95826140D8500E8AEE6 /* Assets.xcassets in Resources */ = {isa = PBXBuildFile; fileRef = 84A6D95726140D8500E8AEE6 /* Assets.xcassets */; };
		84A6D95B26140D8500E8AEE6 /* Preview Assets.xcassets in Resources */ = {isa = PBXBuildFile; fileRef = 84A6D95A26140D8500E8AEE6 /* Preview Assets.xcassets */; };
		84A6D96626140D8500E8AEE6 /* SwiftUIAnimationPracticeTests.swift in Sources */ = {isa = PBXBuildFile; fileRef = 84A6D96526140D8500E8AEE6 /* SwiftUIAnimationPracticeTests.swift */; };
		84A6D97126140D8500E8AEE6 /* SwiftUIAnimationPracticeUITests.swift in Sources */ = {isa = PBXBuildFile; fileRef = 84A6D97026140D8500E8AEE6 /* SwiftUIAnimationPracticeUITests.swift */; };
		84A6D98A261418C600E8AEE6 /* LoadingCircle.swift in Sources */ = {isa = PBXBuildFile; fileRef = 84A6D989261418C600E8AEE6 /* LoadingCircle.swift */; };
/* End PBXBuildFile section */

/* Begin PBXContainerItemProxy section */
		84A6D96226140D8500E8AEE6 /* PBXContainerItemProxy */ = {
			isa = PBXContainerItemProxy;
			containerPortal = 84A6D94826140D8400E8AEE6 /* Project object */;
			proxyType = 1;
			remoteGlobalIDString = 84A6D94F26140D8400E8AEE6;
			remoteInfo = SwiftUIAnimationPractice;
		};
		84A6D96D26140D8500E8AEE6 /* PBXContainerItemProxy */ = {
			isa = PBXContainerItemProxy;
			containerPortal = 84A6D94826140D8400E8AEE6 /* Project object */;
			proxyType = 1;
			remoteGlobalIDString = 84A6D94F26140D8400E8AEE6;
			remoteInfo = SwiftUIAnimationPractice;
		};
/* End PBXContainerItemProxy section */

/* Begin PBXFileReference section */
		841218402616A3B600716D55 /* LoadingScreenView2.swift */ = {isa = PBXFileReference; lastKnownFileType = sourcecode.swift; path = LoadingScreenView2.swift; sourceTree = "<group>"; };
		8423628E2627A21800CC2CA2 /* LoadingScreenView4.swift */ = {isa = PBXFileReference; lastKnownFileType = sourcecode.swift; path = LoadingScreenView4.swift; sourceTree = "<group>"; };
		842A89D7262610240079A986 /* ContentViewTest.swift */ = {isa = PBXFileReference; lastKnownFileType = sourcecode.swift; path = ContentViewTest.swift; sourceTree = "<group>"; };
		84438F3526229EC60036B23F /* TestTransition.swift */ = {isa = PBXFileReference; lastKnownFileType = sourcecode.swift; path = TestTransition.swift; sourceTree = "<group>"; };
		844EB77526214D150094A730 /* TestView.swift */ = {isa = PBXFileReference; lastKnownFileType = sourcecode.swift; path = TestView.swift; sourceTree = "<group>"; };
		8453FB5526164B410021140F /* LoadingScreenView1.swift */ = {isa = PBXFileReference; lastKnownFileType = sourcecode.swift; path = LoadingScreenView1.swift; sourceTree = "<group>"; };
		8461191826263C4400F86BE3 /* DominiqueChoir.mp3 */ = {isa = PBXFileReference; lastKnownFileType = audio.mp3; path = DominiqueChoir.mp3; sourceTree = "<group>"; };
		8473F9252623E6A700B820A1 /* SplashScreen.swift */ = {isa = PBXFileReference; lastKnownFileType = sourcecode.swift; path = SplashScreen.swift; sourceTree = "<group>"; };
		8475B7A42617FEC10037B1FE /* LoadingScreenView3.swift */ = {isa = PBXFileReference; lastKnownFileType = sourcecode.swift; path = LoadingScreenView3.swift; sourceTree = "<group>"; };
		847E776726141CCA001A3849 /* LoadingLine.swift */ = {isa = PBXFileReference; lastKnownFileType = sourcecode.swift; path = LoadingLine.swift; sourceTree = "<group>"; };
		847E777426141EB5001A3849 /* soloistlaserital1.ttf */ = {isa = PBXFileReference; lastKnownFileType = file; path = soloistlaserital1.ttf; sourceTree = "<group>"; };
		847E777926141ECD001A3849 /* soloistexpand1.ttf */ = {isa = PBXFileReference; lastKnownFileType = file; path = soloistexpand1.ttf; sourceTree = "<group>"; };
		847E777E26141EF0001A3849 /* Night Machine.otf */ = {isa = PBXFileReference; lastKnownFileType = file; path = "Night Machine.otf"; sourceTree = "<group>"; };
		847EAE9126263BBB0083EEC1 /* angelicChoir.mp3 */ = {isa = PBXFileReference; lastKnownFileType = audio.mp3; path = angelicChoir.mp3; sourceTree = "<group>"; };
		847EAE9626263BC30083EEC1 /* openingDoorFx.mp3 */ = {isa = PBXFileReference; lastKnownFileType = audio.mp3; path = openingDoorFx.mp3; sourceTree = "<group>"; };
		848A44432626084E0080C654 /* SoundPlayer.swift */ = {isa = PBXFileReference; lastKnownFileType = sourcecode.swift; path = SoundPlayer.swift; sourceTree = "<group>"; };
		848B1EE0261FAA3400640C30 /* UIBezierPath+Extension.swift */ = {isa = PBXFileReference; fileEncoding = 4; lastKnownFileType = sourcecode.swift; path = "UIBezierPath+Extension.swift"; sourceTree = "<group>"; };
		848B1EE5261FAA3D00640C30 /* UIColor+extension.swift */ = {isa = PBXFileReference; fileEncoding = 4; lastKnownFileType = sourcecode.swift; path = "UIColor+extension.swift"; sourceTree = "<group>"; };
		8499C9C9261F9337003E1340 /* NobsBoxLogo.swift */ = {isa = PBXFileReference; lastKnownFileType = sourcecode.swift; path = NobsBoxLogo.swift; sourceTree = "<group>"; };
		849EC0D5262362360062759E /* TestTransition2.swift */ = {isa = PBXFileReference; lastKnownFileType = sourcecode.swift; path = TestTransition2.swift; sourceTree = "<group>"; };
		849EC0DA2623AD380062759E /* DrawingPath.swift */ = {isa = PBXFileReference; lastKnownFileType = sourcecode.swift; path = DrawingPath.swift; sourceTree = "<group>"; };
		849EC0DF2623CEAA0062759E /* SizeTesting.swift */ = {isa = PBXFileReference; lastKnownFileType = sourcecode.swift; path = SizeTesting.swift; sourceTree = "<group>"; };
		84A6D95026140D8400E8AEE6 /* SwiftUIAnimationPractice.app */ = {isa = PBXFileReference; explicitFileType = wrapper.application; includeInIndex = 0; path = SwiftUIAnimationPractice.app; sourceTree = BUILT_PRODUCTS_DIR; };
		84A6D95326140D8400E8AEE6 /* SwiftUIAnimationPracticeApp.swift */ = {isa = PBXFileReference; lastKnownFileType = sourcecode.swift; path = SwiftUIAnimationPracticeApp.swift; sourceTree = "<group>"; };
		84A6D95526140D8400E8AEE6 /* ContentView.swift */ = {isa = PBXFileReference; lastKnownFileType = sourcecode.swift; path = ContentView.swift; sourceTree = "<group>"; };
		84A6D95726140D8500E8AEE6 /* Assets.xcassets */ = {isa = PBXFileReference; lastKnownFileType = folder.assetcatalog; path = Assets.xcassets; sourceTree = "<group>"; };
		84A6D95A26140D8500E8AEE6 /* Preview Assets.xcassets */ = {isa = PBXFileReference; lastKnownFileType = folder.assetcatalog; path = "Preview Assets.xcassets"; sourceTree = "<group>"; };
		84A6D95C26140D8500E8AEE6 /* Info.plist */ = {isa = PBXFileReference; lastKnownFileType = text.plist.xml; path = Info.plist; sourceTree = "<group>"; };
		84A6D96126140D8500E8AEE6 /* SwiftUIAnimationPracticeTests.xctest */ = {isa = PBXFileReference; explicitFileType = wrapper.cfbundle; includeInIndex = 0; path = SwiftUIAnimationPracticeTests.xctest; sourceTree = BUILT_PRODUCTS_DIR; };
		84A6D96526140D8500E8AEE6 /* SwiftUIAnimationPracticeTests.swift */ = {isa = PBXFileReference; lastKnownFileType = sourcecode.swift; path = SwiftUIAnimationPracticeTests.swift; sourceTree = "<group>"; };
		84A6D96726140D8500E8AEE6 /* Info.plist */ = {isa = PBXFileReference; lastKnownFileType = text.plist.xml; path = Info.plist; sourceTree = "<group>"; };
		84A6D96C26140D8500E8AEE6 /* SwiftUIAnimationPracticeUITests.xctest */ = {isa = PBXFileReference; explicitFileType = wrapper.cfbundle; includeInIndex = 0; path = SwiftUIAnimationPracticeUITests.xctest; sourceTree = BUILT_PRODUCTS_DIR; };
		84A6D97026140D8500E8AEE6 /* SwiftUIAnimationPracticeUITests.swift */ = {isa = PBXFileReference; lastKnownFileType = sourcecode.swift; path = SwiftUIAnimationPracticeUITests.swift; sourceTree = "<group>"; };
		84A6D97226140D8500E8AEE6 /* Info.plist */ = {isa = PBXFileReference; lastKnownFileType = text.plist.xml; path = Info.plist; sourceTree = "<group>"; };
		84A6D989261418C600E8AEE6 /* LoadingCircle.swift */ = {isa = PBXFileReference; lastKnownFileType = sourcecode.swift; path = LoadingCircle.swift; sourceTree = "<group>"; };
/* End PBXFileReference section */

/* Begin PBXFrameworksBuildPhase section */
		84A6D94D26140D8400E8AEE6 /* Frameworks */ = {
			isa = PBXFrameworksBuildPhase;
			buildActionMask = 2147483647;
			files = (
			);
			runOnlyForDeploymentPostprocessing = 0;
		};
		84A6D95E26140D8500E8AEE6 /* Frameworks */ = {
			isa = PBXFrameworksBuildPhase;
			buildActionMask = 2147483647;
			files = (
			);
			runOnlyForDeploymentPostprocessing = 0;
		};
		84A6D96926140D8500E8AEE6 /* Frameworks */ = {
			isa = PBXFrameworksBuildPhase;
			buildActionMask = 2147483647;
			files = (
			);
			runOnlyForDeploymentPostprocessing = 0;
		};
/* End PBXFrameworksBuildPhase section */

/* Begin PBXGroup section */
		840EF42627B6ECA3008557BE /* Misc. Practice Files */ = {
			isa = PBXGroup;
			children = (
				848B1EE5261FAA3D00640C30 /* UIColor+extension.swift */,
				84A6D989261418C600E8AEE6 /* LoadingCircle.swift */,
				847E776726141CCA001A3849 /* LoadingLine.swift */,
				84A6D95526140D8400E8AEE6 /* ContentView.swift */,
				848B1EE0261FAA3400640C30 /* UIBezierPath+Extension.swift */,
			);
			path = "Misc. Practice Files";
			sourceTree = "<group>";
		};
		840EF42727B6ECCD008557BE /* FontAssets */ = {
			isa = PBXGroup;
			children = (
				847E777E26141EF0001A3849 /* Night Machine.otf */,
				847E777926141ECD001A3849 /* soloistexpand1.ttf */,
				847E777426141EB5001A3849 /* soloistlaserital1.ttf */,
			);
			path = FontAssets;
			sourceTree = "<group>";
		};
		848A443F26253D7D0080C654 /* SoundFX */ = {
			isa = PBXGroup;
			children = (
				8461191826263C4400F86BE3 /* DominiqueChoir.mp3 */,
				847EAE9126263BBB0083EEC1 /* angelicChoir.mp3 */,
				847EAE9626263BC30083EEC1 /* openingDoorFx.mp3 */,
			);
			path = SoundFX;
			sourceTree = "<group>";
		};
		84A6D94726140D8400E8AEE6 = {
			isa = PBXGroup;
			children = (
				84A6D95226140D8400E8AEE6 /* SwiftUIAnimationPractice */,
				84A6D96426140D8500E8AEE6 /* SwiftUIAnimationPracticeTests */,
				84A6D96F26140D8500E8AEE6 /* SwiftUIAnimationPracticeUITests */,
				84A6D95126140D8400E8AEE6 /* Products */,
			);
			sourceTree = "<group>";
		};
		84A6D95126140D8400E8AEE6 /* Products */ = {
			isa = PBXGroup;
			children = (
				84A6D95026140D8400E8AEE6 /* SwiftUIAnimationPractice.app */,
				84A6D96126140D8500E8AEE6 /* SwiftUIAnimationPracticeTests.xctest */,
				84A6D96C26140D8500E8AEE6 /* SwiftUIAnimationPracticeUITests.xctest */,
			);
			name = Products;
			sourceTree = "<group>";
		};
		84A6D95226140D8400E8AEE6 /* SwiftUIAnimationPractice */ = {
			isa = PBXGroup;
			children = (
				84A6D95326140D8400E8AEE6 /* SwiftUIAnimationPracticeApp.swift */,
				844EB77526214D150094A730 /* TestView.swift */,
				84438F3526229EC60036B23F /* TestTransition.swift */,
				849EC0D5262362360062759E /* TestTransition2.swift */,
				8473F9252623E6A700B820A1 /* SplashScreen.swift */,
				848A44432626084E0080C654 /* SoundPlayer.swift */,
				848A443F26253D7D0080C654 /* SoundFX */,
				849EC0DF2623CEAA0062759E /* SizeTesting.swift */,
				842A89D7262610240079A986 /* ContentViewTest.swift */,
				849EC0DA2623AD380062759E /* DrawingPath.swift */,
				8453FB5526164B410021140F /* LoadingScreenView1.swift */,
				841218402616A3B600716D55 /* LoadingScreenView2.swift */,
				8475B7A42617FEC10037B1FE /* LoadingScreenView3.swift */,
				8423628E2627A21800CC2CA2 /* LoadingScreenView4.swift */,
				8499C9C9261F9337003E1340 /* NobsBoxLogo.swift */,
				840EF42627B6ECA3008557BE /* Misc. Practice Files */,
				840EF42727B6ECCD008557BE /* FontAssets */,
				84A6D95726140D8500E8AEE6 /* Assets.xcassets */,
				84A6D95C26140D8500E8AEE6 /* Info.plist */,
				84A6D95926140D8500E8AEE6 /* Preview Content */,
			);
			path = SwiftUIAnimationPractice;
			sourceTree = "<group>";
		};
		84A6D95926140D8500E8AEE6 /* Preview Content */ = {
			isa = PBXGroup;
			children = (
				84A6D95A26140D8500E8AEE6 /* Preview Assets.xcassets */,
			);
			path = "Preview Content";
			sourceTree = "<group>";
		};
		84A6D96426140D8500E8AEE6 /* SwiftUIAnimationPracticeTests */ = {
			isa = PBXGroup;
			children = (
				84A6D96526140D8500E8AEE6 /* SwiftUIAnimationPracticeTests.swift */,
				84A6D96726140D8500E8AEE6 /* Info.plist */,
			);
			path = SwiftUIAnimationPracticeTests;
			sourceTree = "<group>";
		};
		84A6D96F26140D8500E8AEE6 /* SwiftUIAnimationPracticeUITests */ = {
			isa = PBXGroup;
			children = (
				84A6D97026140D8500E8AEE6 /* SwiftUIAnimationPracticeUITests.swift */,
				84A6D97226140D8500E8AEE6 /* Info.plist */,
			);
			path = SwiftUIAnimationPracticeUITests;
			sourceTree = "<group>";
		};
/* End PBXGroup section */

/* Begin PBXNativeTarget section */
		84A6D94F26140D8400E8AEE6 /* SwiftUIAnimationPractice */ = {
			isa = PBXNativeTarget;
			buildConfigurationList = 84A6D97526140D8500E8AEE6 /* Build configuration list for PBXNativeTarget "SwiftUIAnimationPractice" */;
			buildPhases = (
				84A6D94C26140D8400E8AEE6 /* Sources */,
				84A6D94D26140D8400E8AEE6 /* Frameworks */,
				84A6D94E26140D8400E8AEE6 /* Resources */,
			);
			buildRules = (
			);
			dependencies = (
			);
			name = SwiftUIAnimationPractice;
			productName = SwiftUIAnimationPractice;
			productReference = 84A6D95026140D8400E8AEE6 /* SwiftUIAnimationPractice.app */;
			productType = "com.apple.product-type.application";
		};
		84A6D96026140D8500E8AEE6 /* SwiftUIAnimationPracticeTests */ = {
			isa = PBXNativeTarget;
			buildConfigurationList = 84A6D97826140D8500E8AEE6 /* Build configuration list for PBXNativeTarget "SwiftUIAnimationPracticeTests" */;
			buildPhases = (
				84A6D95D26140D8500E8AEE6 /* Sources */,
				84A6D95E26140D8500E8AEE6 /* Frameworks */,
				84A6D95F26140D8500E8AEE6 /* Resources */,
			);
			buildRules = (
			);
			dependencies = (
				84A6D96326140D8500E8AEE6 /* PBXTargetDependency */,
			);
			name = SwiftUIAnimationPracticeTests;
			productName = SwiftUIAnimationPracticeTests;
			productReference = 84A6D96126140D8500E8AEE6 /* SwiftUIAnimationPracticeTests.xctest */;
			productType = "com.apple.product-type.bundle.unit-test";
		};
		84A6D96B26140D8500E8AEE6 /* SwiftUIAnimationPracticeUITests */ = {
			isa = PBXNativeTarget;
			buildConfigurationList = 84A6D97B26140D8500E8AEE6 /* Build configuration list for PBXNativeTarget "SwiftUIAnimationPracticeUITests" */;
			buildPhases = (
				84A6D96826140D8500E8AEE6 /* Sources */,
				84A6D96926140D8500E8AEE6 /* Frameworks */,
				84A6D96A26140D8500E8AEE6 /* Resources */,
			);
			buildRules = (
			);
			dependencies = (
				84A6D96E26140D8500E8AEE6 /* PBXTargetDependency */,
			);
			name = SwiftUIAnimationPracticeUITests;
			productName = SwiftUIAnimationPracticeUITests;
			productReference = 84A6D96C26140D8500E8AEE6 /* SwiftUIAnimationPracticeUITests.xctest */;
			productType = "com.apple.product-type.bundle.ui-testing";
		};
/* End PBXNativeTarget section */

/* Begin PBXProject section */
		84A6D94826140D8400E8AEE6 /* Project object */ = {
			isa = PBXProject;
			attributes = {
				LastSwiftUpdateCheck = 1240;
				LastUpgradeCheck = 1240;
				TargetAttributes = {
					84A6D94F26140D8400E8AEE6 = {
						CreatedOnToolsVersion = 12.4;
					};
					84A6D96026140D8500E8AEE6 = {
						CreatedOnToolsVersion = 12.4;
						TestTargetID = 84A6D94F26140D8400E8AEE6;
					};
					84A6D96B26140D8500E8AEE6 = {
						CreatedOnToolsVersion = 12.4;
						TestTargetID = 84A6D94F26140D8400E8AEE6;
					};
				};
			};
			buildConfigurationList = 84A6D94B26140D8400E8AEE6 /* Build configuration list for PBXProject "SwiftUIAnimationPractice" */;
			compatibilityVersion = "Xcode 9.3";
			developmentRegion = en;
			hasScannedForEncodings = 0;
			knownRegions = (
				en,
				Base,
			);
			mainGroup = 84A6D94726140D8400E8AEE6;
			productRefGroup = 84A6D95126140D8400E8AEE6 /* Products */;
			projectDirPath = "";
			projectRoot = "";
			targets = (
				84A6D94F26140D8400E8AEE6 /* SwiftUIAnimationPractice */,
				84A6D96026140D8500E8AEE6 /* SwiftUIAnimationPracticeTests */,
				84A6D96B26140D8500E8AEE6 /* SwiftUIAnimationPracticeUITests */,
			);
		};
/* End PBXProject section */

/* Begin PBXResourcesBuildPhase section */
		84A6D94E26140D8400E8AEE6 /* Resources */ = {
			isa = PBXResourcesBuildPhase;
			buildActionMask = 2147483647;
			files = (
				8461191926263C4400F86BE3 /* DominiqueChoir.mp3 in Resources */,
				847E777F26141EF0001A3849 /* Night Machine.otf in Resources */,
				847EAE9726263BC40083EEC1 /* openingDoorFx.mp3 in Resources */,
				847EAE9226263BBB0083EEC1 /* angelicChoir.mp3 in Resources */,
				847E777A26141ECD001A3849 /* soloistexpand1.ttf in Resources */,
				84A6D95B26140D8500E8AEE6 /* Preview Assets.xcassets in Resources */,
				847E777526141EB5001A3849 /* soloistlaserital1.ttf in Resources */,
				84A6D95826140D8500E8AEE6 /* Assets.xcassets in Resources */,
			);
			runOnlyForDeploymentPostprocessing = 0;
		};
		84A6D95F26140D8500E8AEE6 /* Resources */ = {
			isa = PBXResourcesBuildPhase;
			buildActionMask = 2147483647;
			files = (
			);
			runOnlyForDeploymentPostprocessing = 0;
		};
		84A6D96A26140D8500E8AEE6 /* Resources */ = {
			isa = PBXResourcesBuildPhase;
			buildActionMask = 2147483647;
			files = (
			);
			runOnlyForDeploymentPostprocessing = 0;
		};
/* End PBXResourcesBuildPhase section */

/* Begin PBXSourcesBuildPhase section */
		84A6D94C26140D8400E8AEE6 /* Sources */ = {
			isa = PBXSourcesBuildPhase;
			buildActionMask = 2147483647;
			files = (
				8423628F2627A21800CC2CA2 /* LoadingScreenView4.swift in Sources */,
				849EC0DB2623AD380062759E /* DrawingPath.swift in Sources */,
				8473F9262623E6A700B820A1 /* SplashScreen.swift in Sources */,
				844EB77626214D150094A730 /* TestView.swift in Sources */,
				848B1EE1261FAA3400640C30 /* UIBezierPath+Extension.swift in Sources */,
				848A44442626084E0080C654 /* SoundPlayer.swift in Sources */,
				8499C9CA261F9337003E1340 /* NobsBoxLogo.swift in Sources */,
				849EC0D6262362360062759E /* TestTransition2.swift in Sources */,
				849EC0E02623CEAA0062759E /* SizeTesting.swift in Sources */,
				84A6D95626140D8400E8AEE6 /* ContentView.swift in Sources */,
				84A6D98A261418C600E8AEE6 /* LoadingCircle.swift in Sources */,
				8453FB5626164B410021140F /* LoadingScreenView1.swift in Sources */,
				847E776826141CCA001A3849 /* LoadingLine.swift in Sources */,
				8475B7A52617FEC10037B1FE /* LoadingScreenView3.swift in Sources */,
				848B1EE6261FAA3D00640C30 /* UIColor+extension.swift in Sources */,
				84A6D95426140D8400E8AEE6 /* SwiftUIAnimationPracticeApp.swift in Sources */,
				841218412616A3B600716D55 /* LoadingScreenView2.swift in Sources */,
				842A89D8262610240079A986 /* ContentViewTest.swift in Sources */,
				84438F3626229EC60036B23F /* TestTransition.swift in Sources */,
			);
			runOnlyForDeploymentPostprocessing = 0;
		};
		84A6D95D26140D8500E8AEE6 /* Sources */ = {
			isa = PBXSourcesBuildPhase;
			buildActionMask = 2147483647;
			files = (
				84A6D96626140D8500E8AEE6 /* SwiftUIAnimationPracticeTests.swift in Sources */,
			);
			runOnlyForDeploymentPostprocessing = 0;
		};
		84A6D96826140D8500E8AEE6 /* Sources */ = {
			isa = PBXSourcesBuildPhase;
			buildActionMask = 2147483647;
			files = (
				84A6D97126140D8500E8AEE6 /* SwiftUIAnimationPracticeUITests.swift in Sources */,
			);
			runOnlyForDeploymentPostprocessing = 0;
		};
/* End PBXSourcesBuildPhase section */

/* Begin PBXTargetDependency section */
		84A6D96326140D8500E8AEE6 /* PBXTargetDependency */ = {
			isa = PBXTargetDependency;
			target = 84A6D94F26140D8400E8AEE6 /* SwiftUIAnimationPractice */;
			targetProxy = 84A6D96226140D8500E8AEE6 /* PBXContainerItemProxy */;
		};
		84A6D96E26140D8500E8AEE6 /* PBXTargetDependency */ = {
			isa = PBXTargetDependency;
			target = 84A6D94F26140D8400E8AEE6 /* SwiftUIAnimationPractice */;
			targetProxy = 84A6D96D26140D8500E8AEE6 /* PBXContainerItemProxy */;
		};
/* End PBXTargetDependency section */

/* Begin XCBuildConfiguration section */
		84A6D97326140D8500E8AEE6 /* Debug */ = {
			isa = XCBuildConfiguration;
			buildSettings = {
				ALWAYS_SEARCH_USER_PATHS = NO;
				CLANG_ANALYZER_NONNULL = YES;
				CLANG_ANALYZER_NUMBER_OBJECT_CONVERSION = YES_AGGRESSIVE;
				CLANG_CXX_LANGUAGE_STANDARD = "gnu++14";
				CLANG_CXX_LIBRARY = "libc++";
				CLANG_ENABLE_MODULES = YES;
				CLANG_ENABLE_OBJC_ARC = YES;
				CLANG_ENABLE_OBJC_WEAK = YES;
				CLANG_WARN_BLOCK_CAPTURE_AUTORELEASING = YES;
				CLANG_WARN_BOOL_CONVERSION = YES;
				CLANG_WARN_COMMA = YES;
				CLANG_WARN_CONSTANT_CONVERSION = YES;
				CLANG_WARN_DEPRECATED_OBJC_IMPLEMENTATIONS = YES;
				CLANG_WARN_DIRECT_OBJC_ISA_USAGE = YES_ERROR;
				CLANG_WARN_DOCUMENTATION_COMMENTS = YES;
				CLANG_WARN_EMPTY_BODY = YES;
				CLANG_WARN_ENUM_CONVERSION = YES;
				CLANG_WARN_INFINITE_RECURSION = YES;
				CLANG_WARN_INT_CONVERSION = YES;
				CLANG_WARN_NON_LITERAL_NULL_CONVERSION = YES;
				CLANG_WARN_OBJC_IMPLICIT_RETAIN_SELF = YES;
				CLANG_WARN_OBJC_LITERAL_CONVERSION = YES;
				CLANG_WARN_OBJC_ROOT_CLASS = YES_ERROR;
				CLANG_WARN_QUOTED_INCLUDE_IN_FRAMEWORK_HEADER = YES;
				CLANG_WARN_RANGE_LOOP_ANALYSIS = YES;
				CLANG_WARN_STRICT_PROTOTYPES = YES;
				CLANG_WARN_SUSPICIOUS_MOVE = YES;
				CLANG_WARN_UNGUARDED_AVAILABILITY = YES_AGGRESSIVE;
				CLANG_WARN_UNREACHABLE_CODE = YES;
				CLANG_WARN__DUPLICATE_METHOD_MATCH = YES;
				COPY_PHASE_STRIP = NO;
				DEBUG_INFORMATION_FORMAT = dwarf;
				ENABLE_STRICT_OBJC_MSGSEND = YES;
				ENABLE_TESTABILITY = YES;
				GCC_C_LANGUAGE_STANDARD = gnu11;
				GCC_DYNAMIC_NO_PIC = NO;
				GCC_NO_COMMON_BLOCKS = YES;
				GCC_OPTIMIZATION_LEVEL = 0;
				GCC_PREPROCESSOR_DEFINITIONS = (
					"DEBUG=1",
					"$(inherited)",
				);
				GCC_WARN_64_TO_32_BIT_CONVERSION = YES;
				GCC_WARN_ABOUT_RETURN_TYPE = YES_ERROR;
				GCC_WARN_UNDECLARED_SELECTOR = YES;
				GCC_WARN_UNINITIALIZED_AUTOS = YES_AGGRESSIVE;
				GCC_WARN_UNUSED_FUNCTION = YES;
				GCC_WARN_UNUSED_VARIABLE = YES;
				IPHONEOS_DEPLOYMENT_TARGET = 14.4;
				MTL_ENABLE_DEBUG_INFO = INCLUDE_SOURCE;
				MTL_FAST_MATH = YES;
				ONLY_ACTIVE_ARCH = YES;
				SDKROOT = iphoneos;
				SWIFT_ACTIVE_COMPILATION_CONDITIONS = DEBUG;
				SWIFT_OPTIMIZATION_LEVEL = "-Onone";
			};
			name = Debug;
		};
		84A6D97426140D8500E8AEE6 /* Release */ = {
			isa = XCBuildConfiguration;
			buildSettings = {
				ALWAYS_SEARCH_USER_PATHS = NO;
				CLANG_ANALYZER_NONNULL = YES;
				CLANG_ANALYZER_NUMBER_OBJECT_CONVERSION = YES_AGGRESSIVE;
				CLANG_CXX_LANGUAGE_STANDARD = "gnu++14";
				CLANG_CXX_LIBRARY = "libc++";
				CLANG_ENABLE_MODULES = YES;
				CLANG_ENABLE_OBJC_ARC = YES;
				CLANG_ENABLE_OBJC_WEAK = YES;
				CLANG_WARN_BLOCK_CAPTURE_AUTORELEASING = YES;
				CLANG_WARN_BOOL_CONVERSION = YES;
				CLANG_WARN_COMMA = YES;
				CLANG_WARN_CONSTANT_CONVERSION = YES;
				CLANG_WARN_DEPRECATED_OBJC_IMPLEMENTATIONS = YES;
				CLANG_WARN_DIRECT_OBJC_ISA_USAGE = YES_ERROR;
				CLANG_WARN_DOCUMENTATION_COMMENTS = YES;
				CLANG_WARN_EMPTY_BODY = YES;
				CLANG_WARN_ENUM_CONVERSION = YES;
				CLANG_WARN_INFINITE_RECURSION = YES;
				CLANG_WARN_INT_CONVERSION = YES;
				CLANG_WARN_NON_LITERAL_NULL_CONVERSION = YES;
				CLANG_WARN_OBJC_IMPLICIT_RETAIN_SELF = YES;
				CLANG_WARN_OBJC_LITERAL_CONVERSION = YES;
				CLANG_WARN_OBJC_ROOT_CLASS = YES_ERROR;
				CLANG_WARN_QUOTED_INCLUDE_IN_FRAMEWORK_HEADER = YES;
				CLANG_WARN_RANGE_LOOP_ANALYSIS = YES;
				CLANG_WARN_STRICT_PROTOTYPES = YES;
				CLANG_WARN_SUSPICIOUS_MOVE = YES;
				CLANG_WARN_UNGUARDED_AVAILABILITY = YES_AGGRESSIVE;
				CLANG_WARN_UNREACHABLE_CODE = YES;
				CLANG_WARN__DUPLICATE_METHOD_MATCH = YES;
				COPY_PHASE_STRIP = NO;
				DEBUG_INFORMATION_FORMAT = "dwarf-with-dsym";
				ENABLE_NS_ASSERTIONS = NO;
				ENABLE_STRICT_OBJC_MSGSEND = YES;
				GCC_C_LANGUAGE_STANDARD = gnu11;
				GCC_NO_COMMON_BLOCKS = YES;
				GCC_WARN_64_TO_32_BIT_CONVERSION = YES;
				GCC_WARN_ABOUT_RETURN_TYPE = YES_ERROR;
				GCC_WARN_UNDECLARED_SELECTOR = YES;
				GCC_WARN_UNINITIALIZED_AUTOS = YES_AGGRESSIVE;
				GCC_WARN_UNUSED_FUNCTION = YES;
				GCC_WARN_UNUSED_VARIABLE = YES;
				IPHONEOS_DEPLOYMENT_TARGET = 14.4;
				MTL_ENABLE_DEBUG_INFO = NO;
				MTL_FAST_MATH = YES;
				SDKROOT = iphoneos;
				SWIFT_COMPILATION_MODE = wholemodule;
				SWIFT_OPTIMIZATION_LEVEL = "-O";
				VALIDATE_PRODUCT = YES;
			};
			name = Release;
		};
		84A6D97626140D8500E8AEE6 /* Debug */ = {
			isa = XCBuildConfiguration;
			buildSettings = {
				ASSETCATALOG_COMPILER_APPICON_NAME = AppIcon;
				ASSETCATALOG_COMPILER_GLOBAL_ACCENT_COLOR_NAME = AccentColor;
				CODE_SIGN_STYLE = Automatic;
				DEVELOPMENT_ASSET_PATHS = "\"SwiftUIAnimationPractice/Preview Content\"";
				DEVELOPMENT_TEAM = Y2K4VHR59U;
				ENABLE_PREVIEWS = YES;
				INFOPLIST_FILE = SwiftUIAnimationPractice/Info.plist;
				IPHONEOS_DEPLOYMENT_TARGET = 14.0;
				LD_RUNPATH_SEARCH_PATHS = (
					"$(inherited)",
					"@executable_path/Frameworks",
				);
				PRODUCT_BUNDLE_IDENTIFIER = com.example.SwiftUIAnimationPractice;
				PRODUCT_NAME = "$(TARGET_NAME)";
				SWIFT_VERSION = 5.0;
				TARGETED_DEVICE_FAMILY = "1,2";
			};
			name = Debug;
		};
		84A6D97726140D8500E8AEE6 /* Release */ = {
			isa = XCBuildConfiguration;
			buildSettings = {
				ASSETCATALOG_COMPILER_APPICON_NAME = AppIcon;
				ASSETCATALOG_COMPILER_GLOBAL_ACCENT_COLOR_NAME = AccentColor;
				CODE_SIGN_STYLE = Automatic;
				DEVELOPMENT_ASSET_PATHS = "\"SwiftUIAnimationPractice/Preview Content\"";
				DEVELOPMENT_TEAM = Y2K4VHR59U;
				ENABLE_PREVIEWS = YES;
				INFOPLIST_FILE = SwiftUIAnimationPractice/Info.plist;
				IPHONEOS_DEPLOYMENT_TARGET = 14.0;
				LD_RUNPATH_SEARCH_PATHS = (
					"$(inherited)",
					"@executable_path/Frameworks",
				);
				PRODUCT_BUNDLE_IDENTIFIER = com.example.SwiftUIAnimationPractice;
				PRODUCT_NAME = "$(TARGET_NAME)";
				SWIFT_VERSION = 5.0;
				TARGETED_DEVICE_FAMILY = "1,2";
			};
			name = Release;
		};
		84A6D97926140D8500E8AEE6 /* Debug */ = {
			isa = XCBuildConfiguration;
			buildSettings = {
				ALWAYS_EMBED_SWIFT_STANDARD_LIBRARIES = YES;
				BUNDLE_LOADER = "$(TEST_HOST)";
				CODE_SIGN_STYLE = Automatic;
				INFOPLIST_FILE = SwiftUIAnimationPracticeTests/Info.plist;
				IPHONEOS_DEPLOYMENT_TARGET = 14.0;
				LD_RUNPATH_SEARCH_PATHS = (
					"$(inherited)",
					"@executable_path/Frameworks",
					"@loader_path/Frameworks",
				);
				PRODUCT_BUNDLE_IDENTIFIER = com.example.SwiftUIAnimationPracticeTests;
				PRODUCT_NAME = "$(TARGET_NAME)";
				SWIFT_VERSION = 5.0;
				TARGETED_DEVICE_FAMILY = "1,2";
				TEST_HOST = "$(BUILT_PRODUCTS_DIR)/SwiftUIAnimationPractice.app/SwiftUIAnimationPractice";
			};
			name = Debug;
		};
		84A6D97A26140D8500E8AEE6 /* Release */ = {
			isa = XCBuildConfiguration;
			buildSettings = {
				ALWAYS_EMBED_SWIFT_STANDARD_LIBRARIES = YES;
				BUNDLE_LOADER = "$(TEST_HOST)";
				CODE_SIGN_STYLE = Automatic;
				INFOPLIST_FILE = SwiftUIAnimationPracticeTests/Info.plist;
				IPHONEOS_DEPLOYMENT_TARGET = 14.0;
				LD_RUNPATH_SEARCH_PATHS = (
					"$(inherited)",
					"@executable_path/Frameworks",
					"@loader_path/Frameworks",
				);
				PRODUCT_BUNDLE_IDENTIFIER = com.example.SwiftUIAnimationPracticeTests;
				PRODUCT_NAME = "$(TARGET_NAME)";
				SWIFT_VERSION = 5.0;
				TARGETED_DEVICE_FAMILY = "1,2";
				TEST_HOST = "$(BUILT_PRODUCTS_DIR)/SwiftUIAnimationPractice.app/SwiftUIAnimationPractice";
			};
			name = Release;
		};
		84A6D97C26140D8500E8AEE6 /* Debug */ = {
			isa = XCBuildConfiguration;
			buildSettings = {
				ALWAYS_EMBED_SWIFT_STANDARD_LIBRARIES = YES;
				CODE_SIGN_STYLE = Automatic;
				INFOPLIST_FILE = SwiftUIAnimationPracticeUITests/Info.plist;
				LD_RUNPATH_SEARCH_PATHS = (
					"$(inherited)",
					"@executable_path/Frameworks",
					"@loader_path/Frameworks",
				);
				PRODUCT_BUNDLE_IDENTIFIER = com.example.SwiftUIAnimationPracticeUITests;
				PRODUCT_NAME = "$(TARGET_NAME)";
				SWIFT_VERSION = 5.0;
				TARGETED_DEVICE_FAMILY = "1,2";
				TEST_TARGET_NAME = SwiftUIAnimationPractice;
			};
			name = Debug;
		};
		84A6D97D26140D8500E8AEE6 /* Release */ = {
			isa = XCBuildConfiguration;
			buildSettings = {
				ALWAYS_EMBED_SWIFT_STANDARD_LIBRARIES = YES;
				CODE_SIGN_STYLE = Automatic;
				INFOPLIST_FILE = SwiftUIAnimationPracticeUITests/Info.plist;
				LD_RUNPATH_SEARCH_PATHS = (
					"$(inherited)",
					"@executable_path/Frameworks",
					"@loader_path/Frameworks",
				);
				PRODUCT_BUNDLE_IDENTIFIER = com.example.SwiftUIAnimationPracticeUITests;
				PRODUCT_NAME = "$(TARGET_NAME)";
				SWIFT_VERSION = 5.0;
				TARGETED_DEVICE_FAMILY = "1,2";
				TEST_TARGET_NAME = SwiftUIAnimationPractice;
			};
			name = Release;
		};
/* End XCBuildConfiguration section */

/* Begin XCConfigurationList section */
		84A6D94B26140D8400E8AEE6 /* Build configuration list for PBXProject "SwiftUIAnimationPractice" */ = {
			isa = XCConfigurationList;
			buildConfigurations = (
				84A6D97326140D8500E8AEE6 /* Debug */,
				84A6D97426140D8500E8AEE6 /* Release */,
			);
			defaultConfigurationIsVisible = 0;
			defaultConfigurationName = Release;
		};
		84A6D97526140D8500E8AEE6 /* Build configuration list for PBXNativeTarget "SwiftUIAnimationPractice" */ = {
			isa = XCConfigurationList;
			buildConfigurations = (
				84A6D97626140D8500E8AEE6 /* Debug */,
				84A6D97726140D8500E8AEE6 /* Release */,
			);
			defaultConfigurationIsVisible = 0;
			defaultConfigurationName = Release;
		};
		84A6D97826140D8500E8AEE6 /* Build configuration list for PBXNativeTarget "SwiftUIAnimationPracticeTests" */ = {
			isa = XCConfigurationList;
			buildConfigurations = (
				84A6D97926140D8500E8AEE6 /* Debug */,
				84A6D97A26140D8500E8AEE6 /* Release */,
			);
			defaultConfigurationIsVisible = 0;
			defaultConfigurationName = Release;
		};
		84A6D97B26140D8500E8AEE6 /* Build configuration list for PBXNativeTarget "SwiftUIAnimationPracticeUITests" */ = {
			isa = XCConfigurationList;
			buildConfigurations = (
				84A6D97C26140D8500E8AEE6 /* Debug */,
				84A6D97D26140D8500E8AEE6 /* Release */,
			);
			defaultConfigurationIsVisible = 0;
			defaultConfigurationName = Release;
		};
/* End XCConfigurationList section */
	};
	rootObject = 84A6D94826140D8400E8AEE6 /* Project object */;
}
